{
  "name": "registration",
  "lockfileVersion": 3,
  "requires": true,
  "packages": {
    "": {
      "dependencies": {
        "@ragempcommunity/types-cef": "^2.1.5"
      }
    },
    "node_modules/@ragempcommunity/types-cef": {
      "version": "2.1.5",
      "resolved": "https://registry.npmjs.org/@ragempcommunity/types-cef/-/types-cef-2.1.5.tgz",
      "integrity": "sha512-W1QylHXnSPf6ZyMfc7Aq4rIcNF5Dnh2kvE9dVMhJsEylxOdEztk10QeYqhrVuROSSO1B4Q9IU9x4BwAtQI66vQ=="
    }
  }
}
